// !$*UTF8*$!
{
	archiveVersion = 1;
	classes = {
	};
	objectVersion = 50;
	objects = {

/* Begin PBXBuildFile section */
		200505E02964687A001FA503 /* HPManager.swift in Sources */ = {isa = PBXBuildFile; fileRef = 200505DF2964687A001FA503 /* HPManager.swift */; };
		200505EE2964BBAE001FA503 /* SpellsCell.swift in Sources */ = {isa = PBXBuildFile; fileRef = 200505EC2964BBAE001FA503 /* SpellsCell.swift */; };
		200505EF2964BBAE001FA503 /* SpellsCell.xib in Resources */ = {isa = PBXBuildFile; fileRef = 200505ED2964BBAE001FA503 /* SpellsCell.xib */; };
		202295532963720700850862 /* AppDelegate.swift in Sources */ = {isa = PBXBuildFile; fileRef = 202295522963720700850862 /* AppDelegate.swift */; };
		202295572963720700850862 /* ViewController.swift in Sources */ = {isa = PBXBuildFile; fileRef = 202295562963720700850862 /* ViewController.swift */; };
		2022955A2963720700850862 /* Main.storyboard in Resources */ = {isa = PBXBuildFile; fileRef = 202295582963720700850862 /* Main.storyboard */; };
		2022955C2963720D00850862 /* Assets.xcassets in Resources */ = {isa = PBXBuildFile; fileRef = 2022955B2963720D00850862 /* Assets.xcassets */; };
		2022955F2963720D00850862 /* LaunchScreen.storyboard in Resources */ = {isa = PBXBuildFile; fileRef = 2022955D2963720D00850862 /* LaunchScreen.storyboard */; };
		2022956F296380C200850862 /* TableViewController.swift in Sources */ = {isa = PBXBuildFile; fileRef = 2022956D296380C200850862 /* TableViewController.swift */; };
/* End PBXBuildFile section */

/* Begin PBXFileReference section */
		200505DF2964687A001FA503 /* HPManager.swift */ = {isa = PBXFileReference; lastKnownFileType = sourcecode.swift; path = HPManager.swift; sourceTree = "<group>"; };
		200505EC2964BBAE001FA503 /* SpellsCell.swift */ = {isa = PBXFileReference; lastKnownFileType = sourcecode.swift; path = SpellsCell.swift; sourceTree = "<group>"; };
		200505ED2964BBAE001FA503 /* SpellsCell.xib */ = {isa = PBXFileReference; lastKnownFileType = file.xib; path = SpellsCell.xib; sourceTree = "<group>"; };
		2022954F2963720600850862 /* Harry Potter Wiki.app */ = {isa = PBXFileReference; explicitFileType = wrapper.application; includeInIndex = 0; path = "Harry Potter Wiki.app"; sourceTree = BUILT_PRODUCTS_DIR; };
		202295522963720700850862 /* AppDelegate.swift */ = {isa = PBXFileReference; lastKnownFileType = sourcecode.swift; path = AppDelegate.swift; sourceTree = "<group>"; };
		202295562963720700850862 /* ViewController.swift */ = {isa = PBXFileReference; lastKnownFileType = sourcecode.swift; path = ViewController.swift; sourceTree = "<group>"; };
		202295592963720700850862 /* Base */ = {isa = PBXFileReference; lastKnownFileType = file.storyboard; name = Base; path = Base.lproj/Main.storyboard; sourceTree = "<group>"; };
		2022955B2963720D00850862 /* Assets.xcassets */ = {isa = PBXFileReference; lastKnownFileType = folder.assetcatalog; path = Assets.xcassets; sourceTree = "<group>"; };
		2022955E2963720D00850862 /* Base */ = {isa = PBXFileReference; lastKnownFileType = file.storyboard; name = Base; path = Base.lproj/LaunchScreen.storyboard; sourceTree = "<group>"; };
		202295602963720D00850862 /* Info.plist */ = {isa = PBXFileReference; lastKnownFileType = text.plist.xml; path = Info.plist; sourceTree = "<group>"; };
		2022956D296380C200850862 /* TableViewController.swift */ = {isa = PBXFileReference; lastKnownFileType = sourcecode.swift; path = TableViewController.swift; sourceTree = "<group>"; };
/* End PBXFileReference section */

/* Begin PBXFrameworksBuildPhase section */
		2022954C2963720600850862 /* Frameworks */ = {
			isa = PBXFrameworksBuildPhase;
			buildActionMask = 2147483647;
			files = (
			);
			runOnlyForDeploymentPostprocessing = 0;
		};
/* End PBXFrameworksBuildPhase section */

/* Begin PBXGroup section */
		202295462963720600850862 = {
			isa = PBXGroup;
			children = (
				202295512963720600850862 /* Harry Potter Wiki */,
				202295502963720600850862 /* Products */,
			);
			sourceTree = "<group>";
		};
		202295502963720600850862 /* Products */ = {
			isa = PBXGroup;
			children = (
				2022954F2963720600850862 /* Harry Potter Wiki.app */,
			);
			name = Products;
			sourceTree = "<group>";
		};
		202295512963720600850862 /* Harry Potter Wiki */ = {
			isa = PBXGroup;
			children = (
				202295522963720700850862 /* AppDelegate.swift */,
				202295562963720700850862 /* ViewController.swift */,
				202295582963720700850862 /* Main.storyboard */,
				2022955B2963720D00850862 /* Assets.xcassets */,
				2022955D2963720D00850862 /* LaunchScreen.storyboard */,
				202295602963720D00850862 /* Info.plist */,
				2022956D296380C200850862 /* TableViewController.swift */,
				200505DF2964687A001FA503 /* HPManager.swift */,
				200505EC2964BBAE001FA503 /* SpellsCell.swift */,
				200505ED2964BBAE001FA503 /* SpellsCell.xib */,
			);
			path = "Harry Potter Wiki";
			sourceTree = "<group>";
		};
/* End PBXGroup section */

/* Begin PBXNativeTarget section */
		2022954E2963720600850862 /* Harry Potter Wiki */ = {
			isa = PBXNativeTarget;
			buildConfigurationList = 202295632963720D00850862 /* Build configuration list for PBXNativeTarget "Harry Potter Wiki" */;
			buildPhases = (
				2022954B2963720600850862 /* Sources */,
				2022954C2963720600850862 /* Frameworks */,
				2022954D2963720600850862 /* Resources */,
			);
			buildRules = (
			);
			dependencies = (
			);
			name = "Harry Potter Wiki";
			productName = "Harry Potter Wiki";
			productReference = 2022954F2963720600850862 /* Harry Potter Wiki.app */;
			productType = "com.apple.product-type.application";
		};
/* End PBXNativeTarget section */

/* Begin PBXProject section */
		202295472963720600850862 /* Project object */ = {
			isa = PBXProject;
			attributes = {
				LastSwiftUpdateCheck = 1240;
				LastUpgradeCheck = 1240;
				TargetAttributes = {
					2022954E2963720600850862 = {
						CreatedOnToolsVersion = 12.4;
					};
				};
			};
			buildConfigurationList = 2022954A2963720600850862 /* Build configuration list for PBXProject "Harry Potter Wiki" */;
			compatibilityVersion = "Xcode 9.3";
			developmentRegion = en;
			hasScannedForEncodings = 0;
			knownRegions = (
				en,
				Base,
			);
			mainGroup = 202295462963720600850862;
			productRefGroup = 202295502963720600850862 /* Products */;
			projectDirPath = "";
			projectRoot = "";
			targets = (
				2022954E2963720600850862 /* Harry Potter Wiki */,
			);
		};
/* End PBXProject section */

/* Begin PBXResourcesBuildPhase section */
		2022954D2963720600850862 /* Resources */ = {
			isa = PBXResourcesBuildPhase;
			buildActionMask = 2147483647;
			files = (
				2022955F2963720D00850862 /* LaunchScreen.storyboard in Resources */,
				2022955C2963720D00850862 /* Assets.xcassets in Resources */,
				200505EF2964BBAE001FA503 /* SpellsCell.xib in Resources */,
				2022955A2963720700850862 /* Main.storyboard in Resources */,
			);
			runOnlyForDeploymentPostprocessing = 0;
		};
/* End PBXResourcesBuildPhase section */

/* Begin PBXSourcesBuildPhase section */
		2022954B2963720600850862 /* Sources */ = {
			isa = PBXSourcesBuildPhase;
			buildActionMask = 2147483647;
			files = (
				202295572963720700850862 /* ViewController.swift in Sources */,
				200505E02964687A001FA503 /* HPManager.swift in Sources */,
				2022956F296380C200850862 /* TableViewController.swift in Sources */,
				200505EE2964BBAE001FA503 /* SpellsCell.swift in Sources */,
				202295532963720700850862 /* AppDelegate.swift in Sources */,
			);
			runOnlyForDeploymentPostprocessing = 0;
		};
/* End PBXSourcesBuildPhase section */

/* Begin PBXVariantGroup section */
		202295582963720700850862 /* Main.storyboard */ = {
			isa = PBXVariantGroup;
			children = (
				202295592963720700850862 /* Base */,
			);
			name = Main.storyboard;
			sourceTree = "<group>";
		};
		2022955D2963720D00850862 /* LaunchScreen.storyboard */ = {
			isa = PBXVariantGroup;
			children = (
				2022955E2963720D00850862 /* Base */,
			);
			name = LaunchScreen.storyboard;
			sourceTree = "<group>";
		};
/* End PBXVariantGroup section */

/* Begin XCBuildConfiguration section */
		202295612963720D00850862 /* Debug */ = {
			isa = XCBuildConfiguration;
			buildSettings = {
				ALWAYS_SEARCH_USER_PATHS = NO;
				CLANG_ANALYZER_NONNULL = YES;
				CLANG_ANALYZER_NUMBER_OBJECT_CONVERSION = YES_AGGRESSIVE;
				CLANG_CXX_LANGUAGE_STANDARD = "gnu++14";
				CLANG_CXX_LIBRARY = "libc++";
				CLANG_ENABLE_MODULES = YES;
				CLANG_ENABLE_OBJC_ARC = YES;
				CLANG_ENABLE_OBJC_WEAK = YES;
				CLANG_WARN_BLOCK_CAPTURE_AUTORELEASING = YES;
				CLANG_WARN_BOOL_CONVERSION = YES;
				CLANG_WARN_COMMA = YES;
				CLANG_WARN_CONSTANT_CONVERSION = YES;
				CLANG_WARN_DEPRECATED_OBJC_IMPLEMENTATIONS = YES;
				CLANG_WARN_DIRECT_OBJC_ISA_USAGE = YES_ERROR;
				CLANG_WARN_DOCUMENTATION_COMMENTS = YES;
				CLANG_WARN_EMPTY_BODY = YES;
				CLANG_WARN_ENUM_CONVERSION = YES;
				CLANG_WARN_INFINITE_RECURSION = YES;
				CLANG_WARN_INT_CONVERSION = YES;
				CLANG_WARN_NON_LITERAL_NULL_CONVERSION = YES;
				CLANG_WARN_OBJC_IMPLICIT_RETAIN_SELF = YES;
				CLANG_WARN_OBJC_LITERAL_CONVERSION = YES;
				CLANG_WARN_OBJC_ROOT_CLASS = YES_ERROR;
				CLANG_WARN_QUOTED_INCLUDE_IN_FRAMEWORK_HEADER = YES;
				CLANG_WARN_RANGE_LOOP_ANALYSIS = YES;
				CLANG_WARN_STRICT_PROTOTYPES = YES;
				CLANG_WARN_SUSPICIOUS_MOVE = YES;
				CLANG_WARN_UNGUARDED_AVAILABILITY = YES_AGGRESSIVE;
				CLANG_WARN_UNREACHABLE_CODE = YES;
				CLANG_WARN__DUPLICATE_METHOD_MATCH = YES;
				COPY_PHASE_STRIP = NO;
				DEBUG_INFORMATION_FORMAT = dwarf;
				ENABLE_STRICT_OBJC_MSGSEND = YES;
				ENABLE_TESTABILITY = YES;
				GCC_C_LANGUAGE_STANDARD = gnu11;
				GCC_DYNAMIC_NO_PIC = NO;
				GCC_NO_COMMON_BLOCKS = YES;
				GCC_OPTIMIZATION_LEVEL = 0;
				GCC_PREPROCESSOR_DEFINITIONS = (
					"DEBUG=1",
					"$(inherited)",
				);
				GCC_WARN_64_TO_32_BIT_CONVERSION = YES;
				GCC_WARN_ABOUT_RETURN_TYPE = YES_ERROR;
				GCC_WARN_UNDECLARED_SELECTOR = YES;
				GCC_WARN_UNINITIALIZED_AUTOS = YES_AGGRESSIVE;
				GCC_WARN_UNUSED_FUNCTION = YES;
				GCC_WARN_UNUSED_VARIABLE = YES;
				IPHONEOS_DEPLOYMENT_TARGET = 14.4;
				MTL_ENABLE_DEBUG_INFO = INCLUDE_SOURCE;
				MTL_FAST_MATH = YES;
				ONLY_ACTIVE_ARCH = YES;
				SDKROOT = iphoneos;
				SWIFT_ACTIVE_COMPILATION_CONDITIONS = DEBUG;
				SWIFT_OPTIMIZATION_LEVEL = "-Onone";
			};
			name = Debug;
		};
		202295622963720D00850862 /* Release */ = {
			isa = XCBuildConfiguration;
			buildSettings = {
				ALWAYS_SEARCH_USER_PATHS = NO;
				CLANG_ANALYZER_NONNULL = YES;
				CLANG_ANALYZER_NUMBER_OBJECT_CONVERSION = YES_AGGRESSIVE;
				CLANG_CXX_LANGUAGE_STANDARD = "gnu++14";
				CLANG_CXX_LIBRARY = "libc++";
				CLANG_ENABLE_MODULES = YES;
				CLANG_ENABLE_OBJC_ARC = YES;
				CLANG_ENABLE_OBJC_WEAK = YES;
				CLANG_WARN_BLOCK_CAPTURE_AUTORELEASING = YES;
				CLANG_WARN_BOOL_CONVERSION = YES;
				CLANG_WARN_COMMA = YES;
				CLANG_WARN_CONSTANT_CONVERSION = YES;
				CLANG_WARN_DEPRECATED_OBJC_IMPLEMENTATIONS = YES;
				CLANG_WARN_DIRECT_OBJC_ISA_USAGE = YES_ERROR;
				CLANG_WARN_DOCUMENTATION_COMMENTS = YES;
				CLANG_WARN_EMPTY_BODY = YES;
				CLANG_WARN_ENUM_CONVERSION = YES;
				CLANG_WARN_INFINITE_RECURSION = YES;
				CLANG_WARN_INT_CONVERSION = YES;
				CLANG_WARN_NON_LITERAL_NULL_CONVERSION = YES;
				CLANG_WARN_OBJC_IMPLICIT_RETAIN_SELF = YES;
				CLANG_WARN_OBJC_LITERAL_CONVERSION = YES;
				CLANG_WARN_OBJC_ROOT_CLASS = YES_ERROR;
				CLANG_WARN_QUOTED_INCLUDE_IN_FRAMEWORK_HEADER = YES;
				CLANG_WARN_RANGE_LOOP_ANALYSIS = YES;
				CLANG_WARN_STRICT_PROTOTYPES = YES;
				CLANG_WARN_SUSPICIOUS_MOVE = YES;
				CLANG_WARN_UNGUARDED_AVAILABILITY = YES_AGGRESSIVE;
				CLANG_WARN_UNREACHABLE_CODE = YES;
				CLANG_WARN__DUPLICATE_METHOD_MATCH = YES;
				COPY_PHASE_STRIP = NO;
				DEBUG_INFORMATION_FORMAT = "dwarf-with-dsym";
				ENABLE_NS_ASSERTIONS = NO;
				ENABLE_STRICT_OBJC_MSGSEND = YES;
				GCC_C_LANGUAGE_STANDARD = gnu11;
				GCC_NO_COMMON_BLOCKS = YES;
				GCC_WARN_64_TO_32_BIT_CONVERSION = YES;
				GCC_WARN_ABOUT_RETURN_TYPE = YES_ERROR;
				GCC_WARN_UNDECLARED_SELECTOR = YES;
				GCC_WARN_UNINITIALIZED_AUTOS = YES_AGGRESSIVE;
				GCC_WARN_UNUSED_FUNCTION = YES;
				GCC_WARN_UNUSED_VARIABLE = YES;
				IPHONEOS_DEPLOYMENT_TARGET = 14.4;
				MTL_ENABLE_DEBUG_INFO = NO;
				MTL_FAST_MATH = YES;
				SDKROOT = iphoneos;
				SWIFT_COMPILATION_MODE = wholemodule;
				SWIFT_OPTIMIZATION_LEVEL = "-O";
				VALIDATE_PRODUCT = YES;
			};
			name = Release;
		};
		202295642963720D00850862 /* Debug */ = {
			isa = XCBuildConfiguration;
			buildSettings = {
				ASSETCATALOG_COMPILER_APPICON_NAME = AppIcon;
				ASSETCATALOG_COMPILER_GLOBAL_ACCENT_COLOR_NAME = AccentColor;
				CODE_SIGN_STYLE = Automatic;
				DEVELOPMENT_TEAM = UKJZQD9WU4;
				INFOPLIST_FILE = "Harry Potter Wiki/Info.plist";
				LD_RUNPATH_SEARCH_PATHS = (
					"$(inherited)",
					"@executable_path/Frameworks",
				);
				PRODUCT_BUNDLE_IDENTIFIER = "com.halilibrahimandic.Harry-Potter-Wiki";
				PRODUCT_NAME = "$(TARGET_NAME)";
				SWIFT_VERSION = 5.0;
				TARGETED_DEVICE_FAMILY = 1;
			};
			name = Debug;
		};
		202295652963720D00850862 /* Release */ = {
			isa = XCBuildConfiguration;
			buildSettings = {
				ASSETCATALOG_COMPILER_APPICON_NAME = AppIcon;
				ASSETCATALOG_COMPILER_GLOBAL_ACCENT_COLOR_NAME = AccentColor;
				CODE_SIGN_STYLE = Automatic;
				DEVELOPMENT_TEAM = UKJZQD9WU4;
				INFOPLIST_FILE = "Harry Potter Wiki/Info.plist";
				LD_RUNPATH_SEARCH_PATHS = (
					"$(inherited)",
					"@executable_path/Frameworks",
				);
				PRODUCT_BUNDLE_IDENTIFIER = "com.halilibrahimandic.Harry-Potter-Wiki";
				PRODUCT_NAME = "$(TARGET_NAME)";
				SWIFT_VERSION = 5.0;
				TARGETED_DEVICE_FAMILY = 1;
			};
			name = Release;
		};
/* End XCBuildConfiguration section */

/* Begin XCConfigurationList section */
		2022954A2963720600850862 /* Build configuration list for PBXProject "Harry Potter Wiki" */ = {
			isa = XCConfigurationList;
			buildConfigurations = (
				202295612963720D00850862 /* Debug */,
				202295622963720D00850862 /* Release */,
			);
			defaultConfigurationIsVisible = 0;
			defaultConfigurationName = Release;
		};
		202295632963720D00850862 /* Build configuration list for PBXNativeTarget "Harry Potter Wiki" */ = {
			isa = XCConfigurationList;
			buildConfigurations = (
				202295642963720D00850862 /* Debug */,
				202295652963720D00850862 /* Release */,
			);
			defaultConfigurationIsVisible = 0;
			defaultConfigurationName = Release;
		};
/* End XCConfigurationList section */
	};
	rootObject = 202295472963720600850862 /* Project object */;
}
